
Microsoft Visual Studio Solution File, Format Version 12.00
# Visual Studio Version 17
VisualStudioVersion = 17.14.36221.1 d17.14
MinimumVisualStudioVersion = 10.0.40219.1
Project("{FAE04EC0-301F-11D3-BF4B-00C04F79EFBC}") = "Session04", "Session04\Session04.csproj", "{E8DAB1CB-D5BA-4A7B-B448-F70D0744CFC9}"
EndProject
Global
	GlobalSection(SolutionConfigurationPlatforms) = preSolution
		Debug|Any CPU = Debug|Any CPU
		Release|Any CPU = Release|Any CPU
	EndGlobalSection
	GlobalSection(ProjectConfigurationPlatforms) = postSolution
		{E8DAB1CB-D5BA-4A7B-B448-F70D0744CFC9}.Debug|Any CPU.ActiveCfg = Debug|Any CPU
		{E8DAB1CB-D5BA-4A7B-B448-F70D0744CFC9}.Debug|Any CPU.Build.0 = Debug|Any CPU
		{E8DAB1CB-D5BA-4A7B-B448-F70D0744CFC9}.Release|Any CPU.ActiveCfg = Release|Any CPU
		{E8DAB1CB-D5BA-4A7B-B448-F70D0744CFC9}.Release|Any CPU.Build.0 = Release|Any CPU
	EndGlobalSection
	GlobalSection(SolutionProperties) = preSolution
		HideSolutionNode = FALSE
	EndGlobalSection
	GlobalSection(ExtensibilityGlobals) = postSolution
		SolutionGuid = {A63D6770-8B8B-435F-BD48-0971719E8A62}
	EndGlobalSection
EndGlobal
